
Microsoft Visual Studio Solution File, Format Version 12.00
# Visual Studio Version 16
VisualStudioVersion = 16.0.29519.181
MinimumVisualStudioVersion = 10.0.40219.1
Project("{2150E333-8FDC-42A3-9474-1A3956D46DE8}") = "tests", "tests", "{A8CC5FA8-7A37-4FC8-9C7E-D6800DBC0157}"
EndProject
Project("{2150E333-8FDC-42A3-9474-1A3956D46DE8}") = "core", "core", "{8561F13A-FB6E-45CE-8020-CEDCC9EA77DB}"
EndProject
Project("{2150E333-8FDC-42A3-9474-1A3956D46DE8}") = "web", "web", "{84C624B3-E76D-4BDE-8A47-92778791225F}"
EndProject
Project("{2150E333-8FDC-42A3-9474-1A3956D46DE8}") = "tools", "tools", "{AC431663-77E4-4606-9C1B-DF8BBDC9F4C0}"
EndProject
Project("{9A19103F-16F7-4668-BE54-9A1E7A4F7556}") = "AlphaDev.Web", "web\AlphaDev.Web\AlphaDev.Web.csproj", "{15CBB3F5-592E-4CCA-B484-2893E4194944}"
EndProject
Project("{9A19103F-16F7-4668-BE54-9A1E7A4F7556}") = "AlphaDev.Core", "core\AlphaDev.Core\AlphaDev.Core.csproj", "{B04E2F07-4455-4859-A38E-EB9993DF6B39}"
EndProject
Project("{2150E333-8FDC-42A3-9474-1A3956D46DE8}") = "unit", "unit", "{E0C4CBD9-0E2F-48ED-975C-36CCD5612DF2}"
EndProject
Project("{2150E333-8FDC-42A3-9474-1A3956D46DE8}") = "integration", "integration", "{6041D273-6E6B-4F68-B316-646209191525}"
EndProject
Project("{9A19103F-16F7-4668-BE54-9A1E7A4F7556}") = "AlphaDev.Core.Tests.Unit", "tests\unit\AlphaDev.Core.Tests.Unit\AlphaDev.Core.Tests.Unit.csproj", "{410AA4B6-AF7B-49FC-91BE-95F8FF813935}"
EndProject
Project("{9A19103F-16F7-4668-BE54-9A1E7A4F7556}") = "AlphaDev.Web.Tests.Unit", "tests\unit\AlphaDev.Web.Tests.Unit\AlphaDev.Web.Tests.Unit.csproj", "{A0583729-6DEB-439A-A3A5-BC6EC10E336A}"
EndProject
Project("{9A19103F-16F7-4668-BE54-9A1E7A4F7556}") = "AlphaDev.Web.Tests.Integration", "tests\integration\AlphaDev.Web.Tests.Integration\AlphaDev.Web.Tests.Integration.csproj", "{B20F2BE4-A248-4537-B0B6-38EE51026186}"
EndProject
Project("{2150E333-8FDC-42A3-9474-1A3956D46DE8}") = "core", "core", "{92372243-C4A7-43E3-9C66-C09640C8BDAF}"
EndProject
Project("{9A19103F-16F7-4668-BE54-9A1E7A4F7556}") = "AlphaDev.Test.Core", "tests\core\AlphaDev.Test.Core\AlphaDev.Test.Core.csproj", "{F6D26E54-81DF-42E1-80A0-AF5AE08FC70F}"
EndProject
Project("{9A19103F-16F7-4668-BE54-9A1E7A4F7556}") = "AlphaDev.Core.Data", "core\AlphaDev.Core.Data\AlphaDev.Core.Data.csproj", "{11FDC41A-DC27-4458-851C-24A319B26AE6}"
EndProject
Project("{9A19103F-16F7-4668-BE54-9A1E7A4F7556}") = "AlphaDev.Core.Data.Tests.Unit", "tests\unit\AlphaDev.Core.Data.Tests.Unit\AlphaDev.Core.Data.Tests.Unit.csproj", "{CAEE4535-E065-4F00-80A9-E37CE40934E7}"
EndProject
Project("{9A19103F-16F7-4668-BE54-9A1E7A4F7556}") = "AlphaDev.Core.Data.Sql", "core\AlphaDev.Core.Data.Sql\AlphaDev.Core.Data.Sql.csproj", "{7D0E8F52-88E1-4153-82F0-C9DF67DC6240}"
EndProject
Project("{9A19103F-16F7-4668-BE54-9A1E7A4F7556}") = "AlphaDev.Core.Data.Sql.Tests.Unit", "tests\unit\AlphaDev.Core.Data.Sql.Tests.Unit\AlphaDev.Core.Data.Sql.Tests.Unit.csproj", "{32A20B3C-9905-44BB-A883-00E4A719784C}"
EndProject
Project("{9A19103F-16F7-4668-BE54-9A1E7A4F7556}") = "AlphaDev.Core.Data.Sql.Tests.Integration", "tests\integration\AlphaDev.Core.Data.Sql.Tests.Integration\AlphaDev.Core.Data.Sql.Tests.Integration.csproj", "{183A2FAF-FB07-4DF3-A01A-679E443F9D62}"
EndProject
Project("{9A19103F-16F7-4668-BE54-9A1E7A4F7556}") = "AlphaDev.Test.Integration.Core", "tests\core\AlphaDev.Test.Integration.Core\AlphaDev.Test.Integration.Core.csproj", "{962AE06E-AC8F-4C15-87CC-95397E17D4F8}"
EndProject
Project("{9A19103F-16F7-4668-BE54-9A1E7A4F7556}") = "AlphaDev.Web.Bootstrap", "web\AlphaDev.Web.Bootstrap\AlphaDev.Web.Bootstrap.csproj", "{90780590-03F7-46CF-B172-EF145D008934}"
EndProject
Project("{9A19103F-16F7-4668-BE54-9A1E7A4F7556}") = "AlphaDev.Core.Data.Account.Security.Sql", "core\AlphaDev.Core.Data.Account.Security.Sql\AlphaDev.Core.Data.Account.Security.Sql.csproj", "{2F4C4D9E-A17B-44B2-9A7C-2B2073F8B7D9}"
EndProject
Project("{9A19103F-16F7-4668-BE54-9A1E7A4F7556}") = "AlphaDev.Core.Data.Account.Security.Sql.Tests.Unit", "tests\unit\AlphaDev.Core.Data.Account.Security.Sql.Tests.Unit\AlphaDev.Core.Data.Account.Security.Sql.Tests.Unit.csproj", "{4B06EB86-6C4D-4483-BF02-18726579C9D9}"
EndProject
Project("{9A19103F-16F7-4668-BE54-9A1E7A4F7556}") = "AlphaDev.Web.Core", "core\AlphaDev.Web.Core\AlphaDev.Web.Core.csproj", "{49C16B11-7F27-4C8B-8AFD-A5C128A03616}"
EndProject
Project("{9A19103F-16F7-4668-BE54-9A1E7A4F7556}") = "AlphaDev.Collections.Extensions", "core\AlphaDev.Collections.Extensions\AlphaDev.Collections.Extensions.csproj", "{A32FB3EA-644C-4EF0-8BB3-044C708414B5}"
EndProject
Project("{9A19103F-16F7-4668-BE54-9A1E7A4F7556}") = "AlphaDev.Collections.Extensions.Tests.Unit", "tests\unit\AlphaDev.Collections.Extensions.Tests.Unit\AlphaDev.Collections.Extensions.Tests.Unit.csproj", "{36A7E047-1E82-4760-8F17-0CBFA48CC7F0}"
EndProject
Project("{9A19103F-16F7-4668-BE54-9A1E7A4F7556}") = "AlphaDev.Web.Core.Tests.Unit", "tests\unit\AlphaDev.Web.Core.Tests.Unit\AlphaDev.Web.Core.Tests.Unit.csproj", "{00C735C5-C8D6-412E-AD60-3ED40C42148A}"
EndProject
Project("{9A19103F-16F7-4668-BE54-9A1E7A4F7556}") = "AlphaDev.EntityFramework.Unit.Testing", "tests\core\AlphaDev.EntityFramework.Unit.Testing\AlphaDev.EntityFramework.Unit.Testing.csproj", "{67051DC2-6378-47AD-8244-B6002968A92F}"
EndProject
Project("{9A19103F-16F7-4668-BE54-9A1E7A4F7556}") = "AlphaDev.Web.Api.Tests.Integration", "tests\integration\AlphaDev.Web.Api.Tests.Integration\AlphaDev.Web.Api.Tests.Integration.csproj", "{02CA7AB1-51F6-4F24-8AA2-AC4B38AE6FB2}"
EndProject
Project("{9A19103F-16F7-4668-BE54-9A1E7A4F7556}") = "AlphaDev.Web.Api", "web\AlphaDev.Web.Api\AlphaDev.Web.Api.csproj", "{352418DB-B05F-4DC5-BB8E-826C6EEF53D4}"
EndProject
Project("{9A19103F-16F7-4668-BE54-9A1E7A4F7556}") = "AlphaDev.Web.Api.Tests.Unit", "tests\unit\AlphaDev.Web.Api.Tests.Unit\AlphaDev.Web.Api.Tests.Unit.csproj", "{D84472AE-F8A5-49B3-802A-B1567052AF80}"
EndProject
Project("{9A19103F-16F7-4668-BE54-9A1E7A4F7556}") = "AlphaDev.Services.Web", "core\AlphaDev.Services.Web\AlphaDev.Services.Web.csproj", "{BF36C5B2-5705-439A-9002-73AEA17D4F28}"
EndProject
Project("{9A19103F-16F7-4668-BE54-9A1E7A4F7556}") = "AlphaDev.Services.Tests.Unit", "tests\unit\AlphaDev.Services.Tests.Unit\AlphaDev.Services.Tests.Unit.csproj", "{EE8A66D5-D17A-4E3A-8AC5-8E292267C367}"
EndProject
Project("{9A19103F-16F7-4668-BE54-9A1E7A4F7556}") = "AlphaDev.Services.Web.Tests.Unit", "tests\unit\AlphaDev.Services.Web.Tests.Unit\AlphaDev.Services.Web.Tests.Unit.csproj", "{DFF91DA9-DC67-4C8B-A730-1F4AB98079AE}"
EndProject
Project("{FAE04EC0-301F-11D3-BF4B-00C04F79EFBC}") = "AlphaDev.BlogServices.Core", "core\AlphaDev.BlogServices.Core\AlphaDev.BlogServices.Core.csproj", "{803CA95E-A0B8-4337-8CC5-29E875A77450}"
EndProject
Project("{FAE04EC0-301F-11D3-BF4B-00C04F79EFBC}") = "AlphaDev.BlogServices.Core.Tests.Unit", "tests\unit\AlphaDev.BlogServices.Core.Tests.Unit\AlphaDev.BlogServices.Core.Tests.Unit.csproj", "{47742994-0F0B-4C0B-8C83-86D2A977C285}"
EndProject
Project("{FAE04EC0-301F-11D3-BF4B-00C04F79EFBC}") = "AlphaDev.BlogServices", "core\AlphaDev.BlogServices\AlphaDev.BlogServices.csproj", "{9A2B758D-13B7-47C2-A074-E7F53B988A96}"
EndProject
Project("{FAE04EC0-301F-11D3-BF4B-00C04F79EFBC}") = "AlphaDev.BlogServices.Tests.Unit", "tests\unit\AlphaDev.BlogServices.Tests.Unit\AlphaDev.BlogServices.Tests.Unit.csproj", "{B343CBB6-C162-4E41-A0F8-9A51EE816CAE}"
EndProject
Global
	GlobalSection(SolutionConfigurationPlatforms) = preSolution
		Debug|Any CPU = Debug|Any CPU
		Release|Any CPU = Release|Any CPU
	EndGlobalSection
	GlobalSection(ProjectConfigurationPlatforms) = postSolution
		{15CBB3F5-592E-4CCA-B484-2893E4194944}.Debug|Any CPU.ActiveCfg = Debug|Any CPU
		{15CBB3F5-592E-4CCA-B484-2893E4194944}.Debug|Any CPU.Build.0 = Debug|Any CPU
		{15CBB3F5-592E-4CCA-B484-2893E4194944}.Release|Any CPU.ActiveCfg = Release|Any CPU
		{15CBB3F5-592E-4CCA-B484-2893E4194944}.Release|Any CPU.Build.0 = Release|Any CPU
		{B04E2F07-4455-4859-A38E-EB9993DF6B39}.Debug|Any CPU.ActiveCfg = Debug|Any CPU
		{B04E2F07-4455-4859-A38E-EB9993DF6B39}.Debug|Any CPU.Build.0 = Debug|Any CPU
		{B04E2F07-4455-4859-A38E-EB9993DF6B39}.Release|Any CPU.ActiveCfg = Release|Any CPU
		{B04E2F07-4455-4859-A38E-EB9993DF6B39}.Release|Any CPU.Build.0 = Release|Any CPU
		{410AA4B6-AF7B-49FC-91BE-95F8FF813935}.Debug|Any CPU.ActiveCfg = Debug|Any CPU
		{410AA4B6-AF7B-49FC-91BE-95F8FF813935}.Debug|Any CPU.Build.0 = Debug|Any CPU
		{410AA4B6-AF7B-49FC-91BE-95F8FF813935}.Release|Any CPU.ActiveCfg = Release|Any CPU
		{410AA4B6-AF7B-49FC-91BE-95F8FF813935}.Release|Any CPU.Build.0 = Release|Any CPU
		{A0583729-6DEB-439A-A3A5-BC6EC10E336A}.Debug|Any CPU.ActiveCfg = Debug|Any CPU
		{A0583729-6DEB-439A-A3A5-BC6EC10E336A}.Debug|Any CPU.Build.0 = Debug|Any CPU
		{A0583729-6DEB-439A-A3A5-BC6EC10E336A}.Release|Any CPU.ActiveCfg = Release|Any CPU
		{A0583729-6DEB-439A-A3A5-BC6EC10E336A}.Release|Any CPU.Build.0 = Release|Any CPU
		{B20F2BE4-A248-4537-B0B6-38EE51026186}.Debug|Any CPU.ActiveCfg = Debug|Any CPU
		{B20F2BE4-A248-4537-B0B6-38EE51026186}.Debug|Any CPU.Build.0 = Debug|Any CPU
		{B20F2BE4-A248-4537-B0B6-38EE51026186}.Release|Any CPU.ActiveCfg = Release|Any CPU
		{B20F2BE4-A248-4537-B0B6-38EE51026186}.Release|Any CPU.Build.0 = Release|Any CPU
		{F6D26E54-81DF-42E1-80A0-AF5AE08FC70F}.Debug|Any CPU.ActiveCfg = Debug|Any CPU
		{F6D26E54-81DF-42E1-80A0-AF5AE08FC70F}.Debug|Any CPU.Build.0 = Debug|Any CPU
		{F6D26E54-81DF-42E1-80A0-AF5AE08FC70F}.Release|Any CPU.ActiveCfg = Release|Any CPU
		{F6D26E54-81DF-42E1-80A0-AF5AE08FC70F}.Release|Any CPU.Build.0 = Release|Any CPU
		{11FDC41A-DC27-4458-851C-24A319B26AE6}.Debug|Any CPU.ActiveCfg = Debug|Any CPU
		{11FDC41A-DC27-4458-851C-24A319B26AE6}.Debug|Any CPU.Build.0 = Debug|Any CPU
		{11FDC41A-DC27-4458-851C-24A319B26AE6}.Release|Any CPU.ActiveCfg = Release|Any CPU
		{11FDC41A-DC27-4458-851C-24A319B26AE6}.Release|Any CPU.Build.0 = Release|Any CPU
		{CAEE4535-E065-4F00-80A9-E37CE40934E7}.Debug|Any CPU.ActiveCfg = Debug|Any CPU
		{CAEE4535-E065-4F00-80A9-E37CE40934E7}.Debug|Any CPU.Build.0 = Debug|Any CPU
		{CAEE4535-E065-4F00-80A9-E37CE40934E7}.Release|Any CPU.ActiveCfg = Release|Any CPU
		{CAEE4535-E065-4F00-80A9-E37CE40934E7}.Release|Any CPU.Build.0 = Release|Any CPU
		{7D0E8F52-88E1-4153-82F0-C9DF67DC6240}.Debug|Any CPU.ActiveCfg = Debug|Any CPU
		{7D0E8F52-88E1-4153-82F0-C9DF67DC6240}.Debug|Any CPU.Build.0 = Debug|Any CPU
		{7D0E8F52-88E1-4153-82F0-C9DF67DC6240}.Release|Any CPU.ActiveCfg = Release|Any CPU
		{7D0E8F52-88E1-4153-82F0-C9DF67DC6240}.Release|Any CPU.Build.0 = Release|Any CPU
		{32A20B3C-9905-44BB-A883-00E4A719784C}.Debug|Any CPU.ActiveCfg = Debug|Any CPU
		{32A20B3C-9905-44BB-A883-00E4A719784C}.Debug|Any CPU.Build.0 = Debug|Any CPU
		{32A20B3C-9905-44BB-A883-00E4A719784C}.Release|Any CPU.ActiveCfg = Release|Any CPU
		{32A20B3C-9905-44BB-A883-00E4A719784C}.Release|Any CPU.Build.0 = Release|Any CPU
		{183A2FAF-FB07-4DF3-A01A-679E443F9D62}.Debug|Any CPU.ActiveCfg = Debug|Any CPU
		{183A2FAF-FB07-4DF3-A01A-679E443F9D62}.Debug|Any CPU.Build.0 = Debug|Any CPU
		{183A2FAF-FB07-4DF3-A01A-679E443F9D62}.Release|Any CPU.ActiveCfg = Release|Any CPU
		{183A2FAF-FB07-4DF3-A01A-679E443F9D62}.Release|Any CPU.Build.0 = Release|Any CPU
		{962AE06E-AC8F-4C15-87CC-95397E17D4F8}.Debug|Any CPU.ActiveCfg = Debug|Any CPU
		{962AE06E-AC8F-4C15-87CC-95397E17D4F8}.Debug|Any CPU.Build.0 = Debug|Any CPU
		{962AE06E-AC8F-4C15-87CC-95397E17D4F8}.Release|Any CPU.ActiveCfg = Release|Any CPU
		{962AE06E-AC8F-4C15-87CC-95397E17D4F8}.Release|Any CPU.Build.0 = Release|Any CPU
		{90780590-03F7-46CF-B172-EF145D008934}.Debug|Any CPU.ActiveCfg = Debug|Any CPU
		{90780590-03F7-46CF-B172-EF145D008934}.Debug|Any CPU.Build.0 = Debug|Any CPU
		{90780590-03F7-46CF-B172-EF145D008934}.Release|Any CPU.ActiveCfg = Release|Any CPU
		{90780590-03F7-46CF-B172-EF145D008934}.Release|Any CPU.Build.0 = Release|Any CPU
		{2F4C4D9E-A17B-44B2-9A7C-2B2073F8B7D9}.Debug|Any CPU.ActiveCfg = Debug|Any CPU
		{2F4C4D9E-A17B-44B2-9A7C-2B2073F8B7D9}.Debug|Any CPU.Build.0 = Debug|Any CPU
		{2F4C4D9E-A17B-44B2-9A7C-2B2073F8B7D9}.Release|Any CPU.ActiveCfg = Release|Any CPU
		{2F4C4D9E-A17B-44B2-9A7C-2B2073F8B7D9}.Release|Any CPU.Build.0 = Release|Any CPU
		{4B06EB86-6C4D-4483-BF02-18726579C9D9}.Debug|Any CPU.ActiveCfg = Debug|Any CPU
		{4B06EB86-6C4D-4483-BF02-18726579C9D9}.Debug|Any CPU.Build.0 = Debug|Any CPU
		{4B06EB86-6C4D-4483-BF02-18726579C9D9}.Release|Any CPU.ActiveCfg = Release|Any CPU
		{4B06EB86-6C4D-4483-BF02-18726579C9D9}.Release|Any CPU.Build.0 = Release|Any CPU
		{49C16B11-7F27-4C8B-8AFD-A5C128A03616}.Debug|Any CPU.ActiveCfg = Debug|Any CPU
		{49C16B11-7F27-4C8B-8AFD-A5C128A03616}.Debug|Any CPU.Build.0 = Debug|Any CPU
		{49C16B11-7F27-4C8B-8AFD-A5C128A03616}.Release|Any CPU.ActiveCfg = Release|Any CPU
		{49C16B11-7F27-4C8B-8AFD-A5C128A03616}.Release|Any CPU.Build.0 = Release|Any CPU
		{A32FB3EA-644C-4EF0-8BB3-044C708414B5}.Debug|Any CPU.ActiveCfg = Debug|Any CPU
		{A32FB3EA-644C-4EF0-8BB3-044C708414B5}.Debug|Any CPU.Build.0 = Debug|Any CPU
		{A32FB3EA-644C-4EF0-8BB3-044C708414B5}.Release|Any CPU.ActiveCfg = Release|Any CPU
		{A32FB3EA-644C-4EF0-8BB3-044C708414B5}.Release|Any CPU.Build.0 = Release|Any CPU
		{36A7E047-1E82-4760-8F17-0CBFA48CC7F0}.Debug|Any CPU.ActiveCfg = Debug|Any CPU
		{36A7E047-1E82-4760-8F17-0CBFA48CC7F0}.Debug|Any CPU.Build.0 = Debug|Any CPU
		{36A7E047-1E82-4760-8F17-0CBFA48CC7F0}.Release|Any CPU.ActiveCfg = Release|Any CPU
		{36A7E047-1E82-4760-8F17-0CBFA48CC7F0}.Release|Any CPU.Build.0 = Release|Any CPU
		{00C735C5-C8D6-412E-AD60-3ED40C42148A}.Debug|Any CPU.ActiveCfg = Debug|Any CPU
		{00C735C5-C8D6-412E-AD60-3ED40C42148A}.Debug|Any CPU.Build.0 = Debug|Any CPU
		{00C735C5-C8D6-412E-AD60-3ED40C42148A}.Release|Any CPU.ActiveCfg = Release|Any CPU
		{00C735C5-C8D6-412E-AD60-3ED40C42148A}.Release|Any CPU.Build.0 = Release|Any CPU
		{67051DC2-6378-47AD-8244-B6002968A92F}.Debug|Any CPU.ActiveCfg = Debug|Any CPU
		{67051DC2-6378-47AD-8244-B6002968A92F}.Debug|Any CPU.Build.0 = Debug|Any CPU
		{67051DC2-6378-47AD-8244-B6002968A92F}.Release|Any CPU.ActiveCfg = Release|Any CPU
		{67051DC2-6378-47AD-8244-B6002968A92F}.Release|Any CPU.Build.0 = Release|Any CPU
		{02CA7AB1-51F6-4F24-8AA2-AC4B38AE6FB2}.Debug|Any CPU.ActiveCfg = Debug|Any CPU
		{02CA7AB1-51F6-4F24-8AA2-AC4B38AE6FB2}.Debug|Any CPU.Build.0 = Debug|Any CPU
		{02CA7AB1-51F6-4F24-8AA2-AC4B38AE6FB2}.Release|Any CPU.ActiveCfg = Release|Any CPU
		{02CA7AB1-51F6-4F24-8AA2-AC4B38AE6FB2}.Release|Any CPU.Build.0 = Release|Any CPU
		{352418DB-B05F-4DC5-BB8E-826C6EEF53D4}.Debug|Any CPU.ActiveCfg = Debug|Any CPU
		{352418DB-B05F-4DC5-BB8E-826C6EEF53D4}.Debug|Any CPU.Build.0 = Debug|Any CPU
		{352418DB-B05F-4DC5-BB8E-826C6EEF53D4}.Release|Any CPU.ActiveCfg = Release|Any CPU
		{352418DB-B05F-4DC5-BB8E-826C6EEF53D4}.Release|Any CPU.Build.0 = Release|Any CPU
		{D84472AE-F8A5-49B3-802A-B1567052AF80}.Debug|Any CPU.ActiveCfg = Debug|Any CPU
		{D84472AE-F8A5-49B3-802A-B1567052AF80}.Debug|Any CPU.Build.0 = Debug|Any CPU
		{D84472AE-F8A5-49B3-802A-B1567052AF80}.Release|Any CPU.ActiveCfg = Release|Any CPU
		{D84472AE-F8A5-49B3-802A-B1567052AF80}.Release|Any CPU.Build.0 = Release|Any CPU
		{BF36C5B2-5705-439A-9002-73AEA17D4F28}.Debug|Any CPU.ActiveCfg = Debug|Any CPU
		{BF36C5B2-5705-439A-9002-73AEA17D4F28}.Debug|Any CPU.Build.0 = Debug|Any CPU
		{BF36C5B2-5705-439A-9002-73AEA17D4F28}.Release|Any CPU.ActiveCfg = Release|Any CPU
		{BF36C5B2-5705-439A-9002-73AEA17D4F28}.Release|Any CPU.Build.0 = Release|Any CPU
		{EE8A66D5-D17A-4E3A-8AC5-8E292267C367}.Debug|Any CPU.ActiveCfg = Debug|Any CPU
		{EE8A66D5-D17A-4E3A-8AC5-8E292267C367}.Debug|Any CPU.Build.0 = Debug|Any CPU
		{EE8A66D5-D17A-4E3A-8AC5-8E292267C367}.Release|Any CPU.ActiveCfg = Release|Any CPU
		{EE8A66D5-D17A-4E3A-8AC5-8E292267C367}.Release|Any CPU.Build.0 = Release|Any CPU
		{DFF91DA9-DC67-4C8B-A730-1F4AB98079AE}.Debug|Any CPU.ActiveCfg = Debug|Any CPU
		{DFF91DA9-DC67-4C8B-A730-1F4AB98079AE}.Debug|Any CPU.Build.0 = Debug|Any CPU
		{DFF91DA9-DC67-4C8B-A730-1F4AB98079AE}.Release|Any CPU.ActiveCfg = Release|Any CPU
		{DFF91DA9-DC67-4C8B-A730-1F4AB98079AE}.Release|Any CPU.Build.0 = Release|Any CPU
		{803CA95E-A0B8-4337-8CC5-29E875A77450}.Debug|Any CPU.ActiveCfg = Debug|Any CPU
		{803CA95E-A0B8-4337-8CC5-29E875A77450}.Debug|Any CPU.Build.0 = Debug|Any CPU
		{803CA95E-A0B8-4337-8CC5-29E875A77450}.Release|Any CPU.ActiveCfg = Release|Any CPU
		{803CA95E-A0B8-4337-8CC5-29E875A77450}.Release|Any CPU.Build.0 = Release|Any CPU
		{47742994-0F0B-4C0B-8C83-86D2A977C285}.Debug|Any CPU.ActiveCfg = Debug|Any CPU
		{47742994-0F0B-4C0B-8C83-86D2A977C285}.Debug|Any CPU.Build.0 = Debug|Any CPU
		{47742994-0F0B-4C0B-8C83-86D2A977C285}.Release|Any CPU.ActiveCfg = Release|Any CPU
		{47742994-0F0B-4C0B-8C83-86D2A977C285}.Release|Any CPU.Build.0 = Release|Any CPU
		{9A2B758D-13B7-47C2-A074-E7F53B988A96}.Debug|Any CPU.ActiveCfg = Debug|Any CPU
		{9A2B758D-13B7-47C2-A074-E7F53B988A96}.Debug|Any CPU.Build.0 = Debug|Any CPU
		{9A2B758D-13B7-47C2-A074-E7F53B988A96}.Release|Any CPU.ActiveCfg = Release|Any CPU
		{9A2B758D-13B7-47C2-A074-E7F53B988A96}.Release|Any CPU.Build.0 = Release|Any CPU
		{B343CBB6-C162-4E41-A0F8-9A51EE816CAE}.Debug|Any CPU.ActiveCfg = Debug|Any CPU
		{B343CBB6-C162-4E41-A0F8-9A51EE816CAE}.Debug|Any CPU.Build.0 = Debug|Any CPU
		{B343CBB6-C162-4E41-A0F8-9A51EE816CAE}.Release|Any CPU.ActiveCfg = Release|Any CPU
		{B343CBB6-C162-4E41-A0F8-9A51EE816CAE}.Release|Any CPU.Build.0 = Release|Any CPU
	EndGlobalSection
	GlobalSection(SolutionProperties) = preSolution
		HideSolutionNode = FALSE
	EndGlobalSection
	GlobalSection(NestedProjects) = preSolution
		{15CBB3F5-592E-4CCA-B484-2893E4194944} = {84C624B3-E76D-4BDE-8A47-92778791225F}
		{B04E2F07-4455-4859-A38E-EB9993DF6B39} = {8561F13A-FB6E-45CE-8020-CEDCC9EA77DB}
		{E0C4CBD9-0E2F-48ED-975C-36CCD5612DF2} = {A8CC5FA8-7A37-4FC8-9C7E-D6800DBC0157}
		{6041D273-6E6B-4F68-B316-646209191525} = {A8CC5FA8-7A37-4FC8-9C7E-D6800DBC0157}
		{410AA4B6-AF7B-49FC-91BE-95F8FF813935} = {E0C4CBD9-0E2F-48ED-975C-36CCD5612DF2}
		{A0583729-6DEB-439A-A3A5-BC6EC10E336A} = {E0C4CBD9-0E2F-48ED-975C-36CCD5612DF2}
		{B20F2BE4-A248-4537-B0B6-38EE51026186} = {6041D273-6E6B-4F68-B316-646209191525}
		{92372243-C4A7-43E3-9C66-C09640C8BDAF} = {A8CC5FA8-7A37-4FC8-9C7E-D6800DBC0157}
		{F6D26E54-81DF-42E1-80A0-AF5AE08FC70F} = {92372243-C4A7-43E3-9C66-C09640C8BDAF}
		{11FDC41A-DC27-4458-851C-24A319B26AE6} = {8561F13A-FB6E-45CE-8020-CEDCC9EA77DB}
		{CAEE4535-E065-4F00-80A9-E37CE40934E7} = {E0C4CBD9-0E2F-48ED-975C-36CCD5612DF2}
		{7D0E8F52-88E1-4153-82F0-C9DF67DC6240} = {8561F13A-FB6E-45CE-8020-CEDCC9EA77DB}
		{32A20B3C-9905-44BB-A883-00E4A719784C} = {E0C4CBD9-0E2F-48ED-975C-36CCD5612DF2}
		{183A2FAF-FB07-4DF3-A01A-679E443F9D62} = {6041D273-6E6B-4F68-B316-646209191525}
		{962AE06E-AC8F-4C15-87CC-95397E17D4F8} = {92372243-C4A7-43E3-9C66-C09640C8BDAF}
		{90780590-03F7-46CF-B172-EF145D008934} = {84C624B3-E76D-4BDE-8A47-92778791225F}
		{2F4C4D9E-A17B-44B2-9A7C-2B2073F8B7D9} = {8561F13A-FB6E-45CE-8020-CEDCC9EA77DB}
		{4B06EB86-6C4D-4483-BF02-18726579C9D9} = {E0C4CBD9-0E2F-48ED-975C-36CCD5612DF2}
		{49C16B11-7F27-4C8B-8AFD-A5C128A03616} = {8561F13A-FB6E-45CE-8020-CEDCC9EA77DB}
		{A32FB3EA-644C-4EF0-8BB3-044C708414B5} = {8561F13A-FB6E-45CE-8020-CEDCC9EA77DB}
		{36A7E047-1E82-4760-8F17-0CBFA48CC7F0} = {E0C4CBD9-0E2F-48ED-975C-36CCD5612DF2}
		{00C735C5-C8D6-412E-AD60-3ED40C42148A} = {E0C4CBD9-0E2F-48ED-975C-36CCD5612DF2}
		{67051DC2-6378-47AD-8244-B6002968A92F} = {92372243-C4A7-43E3-9C66-C09640C8BDAF}
		{02CA7AB1-51F6-4F24-8AA2-AC4B38AE6FB2} = {6041D273-6E6B-4F68-B316-646209191525}
		{352418DB-B05F-4DC5-BB8E-826C6EEF53D4} = {84C624B3-E76D-4BDE-8A47-92778791225F}
		{D84472AE-F8A5-49B3-802A-B1567052AF80} = {E0C4CBD9-0E2F-48ED-975C-36CCD5612DF2}
		{BF36C5B2-5705-439A-9002-73AEA17D4F28} = {8561F13A-FB6E-45CE-8020-CEDCC9EA77DB}
		{EE8A66D5-D17A-4E3A-8AC5-8E292267C367} = {E0C4CBD9-0E2F-48ED-975C-36CCD5612DF2}
		{DFF91DA9-DC67-4C8B-A730-1F4AB98079AE} = {E0C4CBD9-0E2F-48ED-975C-36CCD5612DF2}
		{803CA95E-A0B8-4337-8CC5-29E875A77450} = {8561F13A-FB6E-45CE-8020-CEDCC9EA77DB}
		{47742994-0F0B-4C0B-8C83-86D2A977C285} = {E0C4CBD9-0E2F-48ED-975C-36CCD5612DF2}
		{9A2B758D-13B7-47C2-A074-E7F53B988A96} = {8561F13A-FB6E-45CE-8020-CEDCC9EA77DB}
		{B343CBB6-C162-4E41-A0F8-9A51EE816CAE} = {E0C4CBD9-0E2F-48ED-975C-36CCD5612DF2}
	EndGlobalSection
	GlobalSection(ExtensibilityGlobals) = postSolution
		SolutionGuid = {2FC791FD-FD6E-4ABB-90D8-6B566DF49780}
	EndGlobalSection
EndGlobal
